
Microsoft Visual Studio Solution File, Format Version 12.00
# Visual Studio Version 17
VisualStudioVersion = 17.8.34316.72
MinimumVisualStudioVersion = 10.0.40219.1
Project("{9A19103F-16F7-4668-BE54-9A1E7A4F7556}") = "Core", "Core\Core.csproj", "{7DE21637-4CC4-46E1-9794-F1746CEB4B03}"
EndProject
Global
	GlobalSection(SolutionConfigurationPlatforms) = preSolution
		Debug|Any CPU = Debug|Any CPU
		Release|Any CPU = Release|Any CPU
	EndGlobalSection
	GlobalSection(ProjectConfigurationPlatforms) = postSolution
		{7DE21637-4CC4-46E1-9794-F1746CEB4B03}.Debug|Any CPU.ActiveCfg = Debug|Any CPU
		{7DE21637-4CC4-46E1-9794-F1746CEB4B03}.Debug|Any CPU.Build.0 = Debug|Any CPU
		{7DE21637-4CC4-46E1-9794-F1746CEB4B03}.Release|Any CPU.ActiveCfg = Release|Any CPU
		{7DE21637-4CC4-46E1-9794-F1746CEB4B03}.Release|Any CPU.Build.0 = Release|Any CPU
	EndGlobalSection
	GlobalSection(SolutionProperties) = preSolution
		HideSolutionNode = FALSE
	EndGlobalSection
	GlobalSection(ExtensibilityGlobals) = postSolution
		SolutionGuid = {331B5705-2F1C-4E6D-AE0A-06B23900A3D2}
	EndGlobalSection
EndGlobal
