
Microsoft Visual Studio Solution File, Format Version 12.00
# Visual Studio Version 17
VisualStudioVersion = 17.8.34316.72
MinimumVisualStudioVersion = 10.0.40219.1
Project("{9A19103F-16F7-4668-BE54-9A1E7A4F7556}") = "Core", "Core\Core.csproj", "{7DE21637-4CC4-46E1-9794-F1746CEB4B03}"
EndProject
Project("{FAE04EC0-301F-11D3-BF4B-00C04F79EFBC}") = "Business", "Business\Business.csproj", "{C86B447D-0E26-484A-BCDE-CAE24879C7A8}"
EndProject
Project("{FAE04EC0-301F-11D3-BF4B-00C04F79EFBC}") = "Data", "Data\Data.csproj", "{78289FC2-F4A7-48C7-BB84-3FDF7F45520F}"
EndProject
Project("{FAE04EC0-301F-11D3-BF4B-00C04F79EFBC}") = "Entities", "Entities\Entities.csproj", "{894D1B64-6F4D-4D68-A998-2364DA1F788B}"
EndProject
Project("{FAE04EC0-301F-11D3-BF4B-00C04F79EFBC}") = "WebMVC", "WebMVC\WebMVC.csproj", "{F2F02040-DD57-411C-8E56-8150E9C5DE18}"
EndProject
Global
	GlobalSection(SolutionConfigurationPlatforms) = preSolution
		Debug|Any CPU = Debug|Any CPU
		Release|Any CPU = Release|Any CPU
	EndGlobalSection
	GlobalSection(ProjectConfigurationPlatforms) = postSolution
		{7DE21637-4CC4-46E1-9794-F1746CEB4B03}.Debug|Any CPU.ActiveCfg = Debug|Any CPU
		{7DE21637-4CC4-46E1-9794-F1746CEB4B03}.Debug|Any CPU.Build.0 = Debug|Any CPU
		{7DE21637-4CC4-46E1-9794-F1746CEB4B03}.Release|Any CPU.ActiveCfg = Release|Any CPU
		{7DE21637-4CC4-46E1-9794-F1746CEB4B03}.Release|Any CPU.Build.0 = Release|Any CPU
		{C86B447D-0E26-484A-BCDE-CAE24879C7A8}.Debug|Any CPU.ActiveCfg = Debug|Any CPU
		{C86B447D-0E26-484A-BCDE-CAE24879C7A8}.Debug|Any CPU.Build.0 = Debug|Any CPU
		{C86B447D-0E26-484A-BCDE-CAE24879C7A8}.Release|Any CPU.ActiveCfg = Release|Any CPU
		{C86B447D-0E26-484A-BCDE-CAE24879C7A8}.Release|Any CPU.Build.0 = Release|Any CPU
		{78289FC2-F4A7-48C7-BB84-3FDF7F45520F}.Debug|Any CPU.ActiveCfg = Debug|Any CPU
		{78289FC2-F4A7-48C7-BB84-3FDF7F45520F}.Debug|Any CPU.Build.0 = Debug|Any CPU
		{78289FC2-F4A7-48C7-BB84-3FDF7F45520F}.Release|Any CPU.ActiveCfg = Release|Any CPU
		{78289FC2-F4A7-48C7-BB84-3FDF7F45520F}.Release|Any CPU.Build.0 = Release|Any CPU
		{894D1B64-6F4D-4D68-A998-2364DA1F788B}.Debug|Any CPU.ActiveCfg = Debug|Any CPU
		{894D1B64-6F4D-4D68-A998-2364DA1F788B}.Debug|Any CPU.Build.0 = Debug|Any CPU
		{894D1B64-6F4D-4D68-A998-2364DA1F788B}.Release|Any CPU.ActiveCfg = Release|Any CPU
		{894D1B64-6F4D-4D68-A998-2364DA1F788B}.Release|Any CPU.Build.0 = Release|Any CPU
		{F2F02040-DD57-411C-8E56-8150E9C5DE18}.Debug|Any CPU.ActiveCfg = Debug|Any CPU
		{F2F02040-DD57-411C-8E56-8150E9C5DE18}.Debug|Any CPU.Build.0 = Debug|Any CPU
		{F2F02040-DD57-411C-8E56-8150E9C5DE18}.Release|Any CPU.ActiveCfg = Release|Any CPU
		{F2F02040-DD57-411C-8E56-8150E9C5DE18}.Release|Any CPU.Build.0 = Release|Any CPU
	EndGlobalSection
	GlobalSection(SolutionProperties) = preSolution
		HideSolutionNode = FALSE
	EndGlobalSection
	GlobalSection(ExtensibilityGlobals) = postSolution
		SolutionGuid = {331B5705-2F1C-4E6D-AE0A-06B23900A3D2}
	EndGlobalSection
EndGlobal
